
Microsoft Visual Studio Solution File, Format Version 12.00
Project("{FAE04EC0-301F-11D3-BF4B-00C04F79EFBC}") = "LoanOfferer.Lambda", "LoanOfferer.Lambda\LoanOfferer.Lambda.csproj", "{E34FA15F-633A-429C-9268-4A8153FE5B08}"
EndProject
Project("{FAE04EC0-301F-11D3-BF4B-00C04F79EFBC}") = "LoanOfferer.Domain", "LoanOfferer.Domain\LoanOfferer.Domain.csproj", "{6861367F-6A4E-45F5-8513-F8C83E542493}"
EndProject
Project("{FAE04EC0-301F-11D3-BF4B-00C04F79EFBC}") = "LoanOfferer.Domain.Infrastructure", "LoanOfferer.Domain.Infrastructure\LoanOfferer.Domain.Infrastructure.csproj", "{BF0D157D-A436-427E-A387-923E3C3E376B}"
EndProject
Project("{FAE04EC0-301F-11D3-BF4B-00C04F79EFBC}") = "LoanOfferer.Domain.Test", "LoanOfferer.Domain.Test\LoanOfferer.Domain.Test.csproj", "{7CAD7860-B318-42AB-851A-3C9AAD2654D4}"
EndProject
Project("{FAE04EC0-301F-11D3-BF4B-00C04F79EFBC}") = "LoanOfferer.Test", "LoanOfferer.Test\LoanOfferer.Test.csproj", "{EF672399-ACFA-49BC-A58E-2C286527A52A}"
EndProject
Project("{FAE04EC0-301F-11D3-BF4B-00C04F79EFBC}") = "LoanOfferer.WebApi", "LoanOfferer.WebApi\LoanOfferer.WebApi.csproj", "{9F8B323E-E0E1-4DDD-8362-57D72C9284FE}"
EndProject
Project("{2150E333-8FDC-42A3-9474-1A3956D46DE8}") = "Test", "Test", "{12310035-CDFA-45CD-94EA-D53BE9088FCF}"
EndProject
Project("{2150E333-8FDC-42A3-9474-1A3956D46DE8}") = "Application", "Application", "{7C63430B-08D4-4742-81D6-D311275C6F09}"
EndProject
Project("{FAE04EC0-301F-11D3-BF4B-00C04F79EFBC}") = "LoanOfferer.Contracts", "LoanOfferer.Contracts\LoanOfferer.Contracts.csproj", "{FB93D1D0-5046-47D8-92B1-0B3116E45F72}"
EndProject
Global
	GlobalSection(SolutionConfigurationPlatforms) = preSolution
		Debug|Any CPU = Debug|Any CPU
		Release|Any CPU = Release|Any CPU
	EndGlobalSection
	GlobalSection(ProjectConfigurationPlatforms) = postSolution
		{E34FA15F-633A-429C-9268-4A8153FE5B08}.Debug|Any CPU.ActiveCfg = Debug|Any CPU
		{E34FA15F-633A-429C-9268-4A8153FE5B08}.Debug|Any CPU.Build.0 = Debug|Any CPU
		{E34FA15F-633A-429C-9268-4A8153FE5B08}.Release|Any CPU.ActiveCfg = Release|Any CPU
		{E34FA15F-633A-429C-9268-4A8153FE5B08}.Release|Any CPU.Build.0 = Release|Any CPU
		{6861367F-6A4E-45F5-8513-F8C83E542493}.Debug|Any CPU.ActiveCfg = Debug|Any CPU
		{6861367F-6A4E-45F5-8513-F8C83E542493}.Debug|Any CPU.Build.0 = Debug|Any CPU
		{6861367F-6A4E-45F5-8513-F8C83E542493}.Release|Any CPU.ActiveCfg = Release|Any CPU
		{6861367F-6A4E-45F5-8513-F8C83E542493}.Release|Any CPU.Build.0 = Release|Any CPU
		{BF0D157D-A436-427E-A387-923E3C3E376B}.Debug|Any CPU.ActiveCfg = Debug|Any CPU
		{BF0D157D-A436-427E-A387-923E3C3E376B}.Debug|Any CPU.Build.0 = Debug|Any CPU
		{BF0D157D-A436-427E-A387-923E3C3E376B}.Release|Any CPU.ActiveCfg = Release|Any CPU
		{BF0D157D-A436-427E-A387-923E3C3E376B}.Release|Any CPU.Build.0 = Release|Any CPU
		{7CAD7860-B318-42AB-851A-3C9AAD2654D4}.Debug|Any CPU.ActiveCfg = Debug|Any CPU
		{7CAD7860-B318-42AB-851A-3C9AAD2654D4}.Debug|Any CPU.Build.0 = Debug|Any CPU
		{7CAD7860-B318-42AB-851A-3C9AAD2654D4}.Release|Any CPU.ActiveCfg = Release|Any CPU
		{7CAD7860-B318-42AB-851A-3C9AAD2654D4}.Release|Any CPU.Build.0 = Release|Any CPU
		{EF672399-ACFA-49BC-A58E-2C286527A52A}.Debug|Any CPU.ActiveCfg = Debug|Any CPU
		{EF672399-ACFA-49BC-A58E-2C286527A52A}.Debug|Any CPU.Build.0 = Debug|Any CPU
		{EF672399-ACFA-49BC-A58E-2C286527A52A}.Release|Any CPU.ActiveCfg = Release|Any CPU
		{EF672399-ACFA-49BC-A58E-2C286527A52A}.Release|Any CPU.Build.0 = Release|Any CPU
		{9F8B323E-E0E1-4DDD-8362-57D72C9284FE}.Debug|Any CPU.ActiveCfg = Debug|Any CPU
		{9F8B323E-E0E1-4DDD-8362-57D72C9284FE}.Debug|Any CPU.Build.0 = Debug|Any CPU
		{9F8B323E-E0E1-4DDD-8362-57D72C9284FE}.Release|Any CPU.ActiveCfg = Release|Any CPU
		{9F8B323E-E0E1-4DDD-8362-57D72C9284FE}.Release|Any CPU.Build.0 = Release|Any CPU
		{FB93D1D0-5046-47D8-92B1-0B3116E45F72}.Debug|Any CPU.ActiveCfg = Debug|Any CPU
		{FB93D1D0-5046-47D8-92B1-0B3116E45F72}.Debug|Any CPU.Build.0 = Debug|Any CPU
		{FB93D1D0-5046-47D8-92B1-0B3116E45F72}.Release|Any CPU.ActiveCfg = Release|Any CPU
		{FB93D1D0-5046-47D8-92B1-0B3116E45F72}.Release|Any CPU.Build.0 = Release|Any CPU
	EndGlobalSection
	GlobalSection(NestedProjects) = preSolution
		{EF672399-ACFA-49BC-A58E-2C286527A52A} = {12310035-CDFA-45CD-94EA-D53BE9088FCF}
		{7CAD7860-B318-42AB-851A-3C9AAD2654D4} = {12310035-CDFA-45CD-94EA-D53BE9088FCF}
		{E34FA15F-633A-429C-9268-4A8153FE5B08} = {7C63430B-08D4-4742-81D6-D311275C6F09}
		{9F8B323E-E0E1-4DDD-8362-57D72C9284FE} = {7C63430B-08D4-4742-81D6-D311275C6F09}
		{FB93D1D0-5046-47D8-92B1-0B3116E45F72} = {7C63430B-08D4-4742-81D6-D311275C6F09}
	EndGlobalSection
EndGlobal
